dependencies:
- name: helm-product
  repository: oci://ghcr.io/onecx/charts
  version: 0.4.0
- name: onecx-notification-svc
  repository: oci://ghcr.io/onecx/charts
  version: 0.0.0-rc.38
- name: onecx-notification-bff
  repository: oci://ghcr.io/onecx/charts
  version: 0.0.0-rc.36
- name: onecx-notification-ui
  repository: oci://ghcr.io/onecx/charts
  version: 0.1.0-rc.16
digest: sha256:6de6375b89c17bb8741f49a6604706daa8959ee367233aff47ba0f97c79b9b22
generated: "2026-08-17T09:40:06.405131643Z"
