dependencies:
- name: helm-product
  repository: oci://ghcr.io/onecx/charts
  version: 0.4.0
- name: onecx-notification-svc
  repository: oci://ghcr.io/onecx/charts
  version: 0.0.0-rc.45
- name: onecx-notification-bff
  repository: oci://ghcr.io/onecx/charts
  version: 0.0.0-rc.43
- name: onecx-notification-ui
  repository: oci://ghcr.io/onecx/charts
  version: 0.1.0-rc.26
digest: sha256:9759c4bb592e4cf43c83709da66efba6dc9d325578054189da34adf72b4df431
generated: "2026-09-30T21:33:44.027390766Z"
